
Microsoft Visual Studio Solution File, Format Version 12.00
# Visual Studio Version 16
VisualStudioVersion = 16.0.31702.278
MinimumVisualStudioVersion = 10.0.40219.1
Project("{FAE04EC0-301F-11D3-BF4B-00C04F79EFBC}") = "bzFileLoad", "bzFileLoad\bzFileLoad.csproj", "{B21EF5BB-FC84-412D-AE7C-4F6BCD9F6380}"
EndProject
Global
	GlobalSection(SolutionConfigurationPlatforms) = preSolution
		Debug|Any CPU = Debug|Any CPU
		Release|Any CPU = Release|Any CPU
	EndGlobalSection
	GlobalSection(ProjectConfigurationPlatforms) = postSolution
		{B21EF5BB-FC84-412D-AE7C-4F6BCD9F6380}.Debug|Any CPU.ActiveCfg = Debug|Any CPU
		{B21EF5BB-FC84-412D-AE7C-4F6BCD9F6380}.Debug|Any CPU.Build.0 = Debug|Any CPU
		{B21EF5BB-FC84-412D-AE7C-4F6BCD9F6380}.Release|Any CPU.ActiveCfg = Release|Any CPU
		{B21EF5BB-FC84-412D-AE7C-4F6BCD9F6380}.Release|Any CPU.Build.0 = Release|Any CPU
	EndGlobalSection
	GlobalSection(SolutionProperties) = preSolution
		HideSolutionNode = FALSE
	EndGlobalSection
	GlobalSection(ExtensibilityGlobals) = postSolution
		SolutionGuid = {2D5B750D-0C69-4B08-B2EB-95A559CD0600}
	EndGlobalSection
EndGlobal
