
Microsoft Visual Studio Solution File, Format Version 12.00
# Visual Studio Version 16
VisualStudioVersion = 16.0.31105.61
MinimumVisualStudioVersion = 10.0.40219.1
Project("{FAE04EC0-301F-11D3-BF4B-00C04F79EFBC}") = "bsDatePicker", "bsDatePicker\bsDatePicker.csproj", "{08440805-6BE2-4178-B61F-E4A07A65B189}"
EndProject
Global
	GlobalSection(SolutionConfigurationPlatforms) = preSolution
		Debug|Any CPU = Debug|Any CPU
		Release|Any CPU = Release|Any CPU
	EndGlobalSection
	GlobalSection(ProjectConfigurationPlatforms) = postSolution
		{08440805-6BE2-4178-B61F-E4A07A65B189}.Debug|Any CPU.ActiveCfg = Debug|Any CPU
		{08440805-6BE2-4178-B61F-E4A07A65B189}.Debug|Any CPU.Build.0 = Debug|Any CPU
		{08440805-6BE2-4178-B61F-E4A07A65B189}.Release|Any CPU.ActiveCfg = Release|Any CPU
		{08440805-6BE2-4178-B61F-E4A07A65B189}.Release|Any CPU.Build.0 = Release|Any CPU
	EndGlobalSection
	GlobalSection(SolutionProperties) = preSolution
		HideSolutionNode = FALSE
	EndGlobalSection
	GlobalSection(ExtensibilityGlobals) = postSolution
		SolutionGuid = {B0C983DD-DAC0-4E64-9245-C47319FBD8A5}
	EndGlobalSection
EndGlobal
