
Microsoft Visual Studio Solution File, Format Version 12.00
# Visual Studio Version 16
VisualStudioVersion = 16.0.31105.61
MinimumVisualStudioVersion = 10.0.40219.1
Project("{FAE04EC0-301F-11D3-BF4B-00C04F79EFBC}") = "bzParameterBinding", "bzParameterBinding\bzParameterBinding.csproj", "{36BE948B-E814-49B8-B5A3-620E53F4C9BE}"
EndProject
Global
	GlobalSection(SolutionConfigurationPlatforms) = preSolution
		Debug|Any CPU = Debug|Any CPU
		Release|Any CPU = Release|Any CPU
	EndGlobalSection
	GlobalSection(ProjectConfigurationPlatforms) = postSolution
		{36BE948B-E814-49B8-B5A3-620E53F4C9BE}.Debug|Any CPU.ActiveCfg = Debug|Any CPU
		{36BE948B-E814-49B8-B5A3-620E53F4C9BE}.Debug|Any CPU.Build.0 = Debug|Any CPU
		{36BE948B-E814-49B8-B5A3-620E53F4C9BE}.Release|Any CPU.ActiveCfg = Release|Any CPU
		{36BE948B-E814-49B8-B5A3-620E53F4C9BE}.Release|Any CPU.Build.0 = Release|Any CPU
	EndGlobalSection
	GlobalSection(SolutionProperties) = preSolution
		HideSolutionNode = FALSE
	EndGlobalSection
	GlobalSection(ExtensibilityGlobals) = postSolution
		SolutionGuid = {062F131B-BE82-4B04-AF94-73047E27896A}
	EndGlobalSection
EndGlobal
