
Microsoft Visual Studio Solution File, Format Version 12.00
# Visual Studio Version 16
VisualStudioVersion = 16.0.31105.61
MinimumVisualStudioVersion = 10.0.40219.1
Project("{9A19103F-16F7-4668-BE54-9A1E7A4F7556}") = "xfObjectToFile", "xfObjectToFile\xfObjectToFile\xfObjectToFile.csproj", "{6866E811-5C96-4450-84EB-A0978CEF4012}"
EndProject
Project("{FAE04EC0-301F-11D3-BF4B-00C04F79EFBC}") = "xfObjectToFile.Android", "xfObjectToFile\xfObjectToFile.Android\xfObjectToFile.Android.csproj", "{31C6ED23-1218-4C5E-BEF1-BC068807EE1E}"
EndProject
Project("{FAE04EC0-301F-11D3-BF4B-00C04F79EFBC}") = "xfObjectToFile.iOS", "xfObjectToFile\xfObjectToFile.iOS\xfObjectToFile.iOS.csproj", "{A3D99D08-D500-44DF-9C1A-4703329F0CA4}"
EndProject
Global
	GlobalSection(SolutionConfigurationPlatforms) = preSolution
		Ad-Hoc|Any CPU = Ad-Hoc|Any CPU
		Ad-Hoc|ARM = Ad-Hoc|ARM
		Ad-Hoc|iPhone = Ad-Hoc|iPhone
		Ad-Hoc|iPhoneSimulator = Ad-Hoc|iPhoneSimulator
		Ad-Hoc|x64 = Ad-Hoc|x64
		Ad-Hoc|x86 = Ad-Hoc|x86
		AppStore|Any CPU = AppStore|Any CPU
		AppStore|ARM = AppStore|ARM
		AppStore|iPhone = AppStore|iPhone
		AppStore|iPhoneSimulator = AppStore|iPhoneSimulator
		AppStore|x64 = AppStore|x64
		AppStore|x86 = AppStore|x86
		Debug|Any CPU = Debug|Any CPU
		Debug|ARM = Debug|ARM
		Debug|iPhone = Debug|iPhone
		Debug|iPhoneSimulator = Debug|iPhoneSimulator
		Debug|x64 = Debug|x64
		Debug|x86 = Debug|x86
		Release|Any CPU = Release|Any CPU
		Release|ARM = Release|ARM
		Release|iPhone = Release|iPhone
		Release|iPhoneSimulator = Release|iPhoneSimulator
		Release|x64 = Release|x64
		Release|x86 = Release|x86
	EndGlobalSection
	GlobalSection(ProjectConfigurationPlatforms) = postSolution
		{6866E811-5C96-4450-84EB-A0978CEF4012}.Ad-Hoc|Any CPU.ActiveCfg = Debug|Any CPU
		{6866E811-5C96-4450-84EB-A0978CEF4012}.Ad-Hoc|Any CPU.Build.0 = Debug|Any CPU
		{6866E811-5C96-4450-84EB-A0978CEF4012}.Ad-Hoc|ARM.ActiveCfg = Debug|Any CPU
		{6866E811-5C96-4450-84EB-A0978CEF4012}.Ad-Hoc|ARM.Build.0 = Debug|Any CPU
		{6866E811-5C96-4450-84EB-A0978CEF4012}.Ad-Hoc|iPhone.ActiveCfg = Debug|Any CPU
		{6866E811-5C96-4450-84EB-A0978CEF4012}.Ad-Hoc|iPhone.Build.0 = Debug|Any CPU
		{6866E811-5C96-4450-84EB-A0978CEF4012}.Ad-Hoc|iPhoneSimulator.ActiveCfg = Debug|Any CPU
		{6866E811-5C96-4450-84EB-A0978CEF4012}.Ad-Hoc|iPhoneSimulator.Build.0 = Debug|Any CPU
		{6866E811-5C96-4450-84EB-A0978CEF4012}.Ad-Hoc|x64.ActiveCfg = Debug|Any CPU
		{6866E811-5C96-4450-84EB-A0978CEF4012}.Ad-Hoc|x64.Build.0 = Debug|Any CPU
		{6866E811-5C96-4450-84EB-A0978CEF4012}.Ad-Hoc|x86.ActiveCfg = Debug|Any CPU
		{6866E811-5C96-4450-84EB-A0978CEF4012}.Ad-Hoc|x86.Build.0 = Debug|Any CPU
		{6866E811-5C96-4450-84EB-A0978CEF4012}.AppStore|Any CPU.ActiveCfg = Debug|Any CPU
		{6866E811-5C96-4450-84EB-A0978CEF4012}.AppStore|Any CPU.Build.0 = Debug|Any CPU
		{6866E811-5C96-4450-84EB-A0978CEF4012}.AppStore|ARM.ActiveCfg = Debug|Any CPU
		{6866E811-5C96-4450-84EB-A0978CEF4012}.AppStore|ARM.Build.0 = Debug|Any CPU
		{6866E811-5C96-4450-84EB-A0978CEF4012}.AppStore|iPhone.ActiveCfg = Debug|Any CPU
		{6866E811-5C96-4450-84EB-A0978CEF4012}.AppStore|iPhone.Build.0 = Debug|Any CPU
		{6866E811-5C96-4450-84EB-A0978CEF4012}.AppStore|iPhoneSimulator.ActiveCfg = Debug|Any CPU
		{6866E811-5C96-4450-84EB-A0978CEF4012}.AppStore|iPhoneSimulator.Build.0 = Debug|Any CPU
		{6866E811-5C96-4450-84EB-A0978CEF4012}.AppStore|x64.ActiveCfg = Debug|Any CPU
		{6866E811-5C96-4450-84EB-A0978CEF4012}.AppStore|x64.Build.0 = Debug|Any CPU
		{6866E811-5C96-4450-84EB-A0978CEF4012}.AppStore|x86.ActiveCfg = Debug|Any CPU
		{6866E811-5C96-4450-84EB-A0978CEF4012}.AppStore|x86.Build.0 = Debug|Any CPU
		{6866E811-5C96-4450-84EB-A0978CEF4012}.Debug|Any CPU.ActiveCfg = Debug|Any CPU
		{6866E811-5C96-4450-84EB-A0978CEF4012}.Debug|Any CPU.Build.0 = Debug|Any CPU
		{6866E811-5C96-4450-84EB-A0978CEF4012}.Debug|ARM.ActiveCfg = Debug|Any CPU
		{6866E811-5C96-4450-84EB-A0978CEF4012}.Debug|ARM.Build.0 = Debug|Any CPU
		{6866E811-5C96-4450-84EB-A0978CEF4012}.Debug|iPhone.ActiveCfg = Debug|Any CPU
		{6866E811-5C96-4450-84EB-A0978CEF4012}.Debug|iPhone.Build.0 = Debug|Any CPU
		{6866E811-5C96-4450-84EB-A0978CEF4012}.Debug|iPhoneSimulator.ActiveCfg = Debug|Any CPU
		{6866E811-5C96-4450-84EB-A0978CEF4012}.Debug|iPhoneSimulator.Build.0 = Debug|Any CPU
		{6866E811-5C96-4450-84EB-A0978CEF4012}.Debug|x64.ActiveCfg = Debug|Any CPU
		{6866E811-5C96-4450-84EB-A0978CEF4012}.Debug|x64.Build.0 = Debug|Any CPU
		{6866E811-5C96-4450-84EB-A0978CEF4012}.Debug|x86.ActiveCfg = Debug|Any CPU
		{6866E811-5C96-4450-84EB-A0978CEF4012}.Debug|x86.Build.0 = Debug|Any CPU
		{6866E811-5C96-4450-84EB-A0978CEF4012}.Release|Any CPU.ActiveCfg = Release|Any CPU
		{6866E811-5C96-4450-84EB-A0978CEF4012}.Release|Any CPU.Build.0 = Release|Any CPU
		{6866E811-5C96-4450-84EB-A0978CEF4012}.Release|ARM.ActiveCfg = Release|Any CPU
		{6866E811-5C96-4450-84EB-A0978CEF4012}.Release|ARM.Build.0 = Release|Any CPU
		{6866E811-5C96-4450-84EB-A0978CEF4012}.Release|iPhone.ActiveCfg = Release|Any CPU
		{6866E811-5C96-4450-84EB-A0978CEF4012}.Release|iPhone.Build.0 = Release|Any CPU
		{6866E811-5C96-4450-84EB-A0978CEF4012}.Release|iPhoneSimulator.ActiveCfg = Release|Any CPU
		{6866E811-5C96-4450-84EB-A0978CEF4012}.Release|iPhoneSimulator.Build.0 = Release|Any CPU
		{6866E811-5C96-4450-84EB-A0978CEF4012}.Release|x64.ActiveCfg = Release|Any CPU
		{6866E811-5C96-4450-84EB-A0978CEF4012}.Release|x64.Build.0 = Release|Any CPU
		{6866E811-5C96-4450-84EB-A0978CEF4012}.Release|x86.ActiveCfg = Release|Any CPU
		{6866E811-5C96-4450-84EB-A0978CEF4012}.Release|x86.Build.0 = Release|Any CPU
		{31C6ED23-1218-4C5E-BEF1-BC068807EE1E}.Ad-Hoc|Any CPU.ActiveCfg = Debug|Any CPU
		{31C6ED23-1218-4C5E-BEF1-BC068807EE1E}.Ad-Hoc|Any CPU.Build.0 = Debug|Any CPU
		{31C6ED23-1218-4C5E-BEF1-BC068807EE1E}.Ad-Hoc|Any CPU.Deploy.0 = Debug|Any CPU
		{31C6ED23-1218-4C5E-BEF1-BC068807EE1E}.Ad-Hoc|ARM.ActiveCfg = Debug|Any CPU
		{31C6ED23-1218-4C5E-BEF1-BC068807EE1E}.Ad-Hoc|ARM.Build.0 = Debug|Any CPU
		{31C6ED23-1218-4C5E-BEF1-BC068807EE1E}.Ad-Hoc|ARM.Deploy.0 = Debug|Any CPU
		{31C6ED23-1218-4C5E-BEF1-BC068807EE1E}.Ad-Hoc|iPhone.ActiveCfg = Debug|Any CPU
		{31C6ED23-1218-4C5E-BEF1-BC068807EE1E}.Ad-Hoc|iPhone.Build.0 = Debug|Any CPU
		{31C6ED23-1218-4C5E-BEF1-BC068807EE1E}.Ad-Hoc|iPhone.Deploy.0 = Debug|Any CPU
		{31C6ED23-1218-4C5E-BEF1-BC068807EE1E}.Ad-Hoc|iPhoneSimulator.ActiveCfg = Debug|Any CPU
		{31C6ED23-1218-4C5E-BEF1-BC068807EE1E}.Ad-Hoc|iPhoneSimulator.Build.0 = Debug|Any CPU
		{31C6ED23-1218-4C5E-BEF1-BC068807EE1E}.Ad-Hoc|iPhoneSimulator.Deploy.0 = Debug|Any CPU
		{31C6ED23-1218-4C5E-BEF1-BC068807EE1E}.Ad-Hoc|x64.ActiveCfg = Debug|Any CPU
		{31C6ED23-1218-4C5E-BEF1-BC068807EE1E}.Ad-Hoc|x64.Build.0 = Debug|Any CPU
		{31C6ED23-1218-4C5E-BEF1-BC068807EE1E}.Ad-Hoc|x64.Deploy.0 = Debug|Any CPU
		{31C6ED23-1218-4C5E-BEF1-BC068807EE1E}.Ad-Hoc|x86.ActiveCfg = Debug|Any CPU
		{31C6ED23-1218-4C5E-BEF1-BC068807EE1E}.Ad-Hoc|x86.Build.0 = Debug|Any CPU
		{31C6ED23-1218-4C5E-BEF1-BC068807EE1E}.Ad-Hoc|x86.Deploy.0 = Debug|Any CPU
		{31C6ED23-1218-4C5E-BEF1-BC068807EE1E}.AppStore|Any CPU.ActiveCfg = Debug|Any CPU
		{31C6ED23-1218-4C5E-BEF1-BC068807EE1E}.AppStore|Any CPU.Build.0 = Debug|Any CPU
		{31C6ED23-1218-4C5E-BEF1-BC068807EE1E}.AppStore|Any CPU.Deploy.0 = Debug|Any CPU
		{31C6ED23-1218-4C5E-BEF1-BC068807EE1E}.AppStore|ARM.ActiveCfg = Debug|Any CPU
		{31C6ED23-1218-4C5E-BEF1-BC068807EE1E}.AppStore|ARM.Build.0 = Debug|Any CPU
		{31C6ED23-1218-4C5E-BEF1-BC068807EE1E}.AppStore|ARM.Deploy.0 = Debug|Any CPU
		{31C6ED23-1218-4C5E-BEF1-BC068807EE1E}.AppStore|iPhone.ActiveCfg = Debug|Any CPU
		{31C6ED23-1218-4C5E-BEF1-BC068807EE1E}.AppStore|iPhone.Build.0 = Debug|Any CPU
		{31C6ED23-1218-4C5E-BEF1-BC068807EE1E}.AppStore|iPhone.Deploy.0 = Debug|Any CPU
		{31C6ED23-1218-4C5E-BEF1-BC068807EE1E}.AppStore|iPhoneSimulator.ActiveCfg = Debug|Any CPU
		{31C6ED23-1218-4C5E-BEF1-BC068807EE1E}.AppStore|iPhoneSimulator.Build.0 = Debug|Any CPU
		{31C6ED23-1218-4C5E-BEF1-BC068807EE1E}.AppStore|iPhoneSimulator.Deploy.0 = Debug|Any CPU
		{31C6ED23-1218-4C5E-BEF1-BC068807EE1E}.AppStore|x64.ActiveCfg = Debug|Any CPU
		{31C6ED23-1218-4C5E-BEF1-BC068807EE1E}.AppStore|x64.Build.0 = Debug|Any CPU
		{31C6ED23-1218-4C5E-BEF1-BC068807EE1E}.AppStore|x64.Deploy.0 = Debug|Any CPU
		{31C6ED23-1218-4C5E-BEF1-BC068807EE1E}.AppStore|x86.ActiveCfg = Debug|Any CPU
		{31C6ED23-1218-4C5E-BEF1-BC068807EE1E}.AppStore|x86.Build.0 = Debug|Any CPU
		{31C6ED23-1218-4C5E-BEF1-BC068807EE1E}.AppStore|x86.Deploy.0 = Debug|Any CPU
		{31C6ED23-1218-4C5E-BEF1-BC068807EE1E}.Debug|Any CPU.ActiveCfg = Debug|Any CPU
		{31C6ED23-1218-4C5E-BEF1-BC068807EE1E}.Debug|Any CPU.Build.0 = Debug|Any CPU
		{31C6ED23-1218-4C5E-BEF1-BC068807EE1E}.Debug|Any CPU.Deploy.0 = Debug|Any CPU
		{31C6ED23-1218-4C5E-BEF1-BC068807EE1E}.Debug|ARM.ActiveCfg = Debug|Any CPU
		{31C6ED23-1218-4C5E-BEF1-BC068807EE1E}.Debug|ARM.Build.0 = Debug|Any CPU
		{31C6ED23-1218-4C5E-BEF1-BC068807EE1E}.Debug|ARM.Deploy.0 = Debug|Any CPU
		{31C6ED23-1218-4C5E-BEF1-BC068807EE1E}.Debug|iPhone.ActiveCfg = Debug|Any CPU
		{31C6ED23-1218-4C5E-BEF1-BC068807EE1E}.Debug|iPhone.Build.0 = Debug|Any CPU
		{31C6ED23-1218-4C5E-BEF1-BC068807EE1E}.Debug|iPhone.Deploy.0 = Debug|Any CPU
		{31C6ED23-1218-4C5E-BEF1-BC068807EE1E}.Debug|iPhoneSimulator.ActiveCfg = Debug|Any CPU
		{31C6ED23-1218-4C5E-BEF1-BC068807EE1E}.Debug|iPhoneSimulator.Build.0 = Debug|Any CPU
		{31C6ED23-1218-4C5E-BEF1-BC068807EE1E}.Debug|iPhoneSimulator.Deploy.0 = Debug|Any CPU
		{31C6ED23-1218-4C5E-BEF1-BC068807EE1E}.Debug|x64.ActiveCfg = Debug|Any CPU
		{31C6ED23-1218-4C5E-BEF1-BC068807EE1E}.Debug|x64.Build.0 = Debug|Any CPU
		{31C6ED23-1218-4C5E-BEF1-BC068807EE1E}.Debug|x64.Deploy.0 = Debug|Any CPU
		{31C6ED23-1218-4C5E-BEF1-BC068807EE1E}.Debug|x86.ActiveCfg = Debug|Any CPU
		{31C6ED23-1218-4C5E-BEF1-BC068807EE1E}.Debug|x86.Build.0 = Debug|Any CPU
		{31C6ED23-1218-4C5E-BEF1-BC068807EE1E}.Debug|x86.Deploy.0 = Debug|Any CPU
		{31C6ED23-1218-4C5E-BEF1-BC068807EE1E}.Release|Any CPU.ActiveCfg = Release|Any CPU
		{31C6ED23-1218-4C5E-BEF1-BC068807EE1E}.Release|Any CPU.Build.0 = Release|Any CPU
		{31C6ED23-1218-4C5E-BEF1-BC068807EE1E}.Release|Any CPU.Deploy.0 = Release|Any CPU
		{31C6ED23-1218-4C5E-BEF1-BC068807EE1E}.Release|ARM.ActiveCfg = Release|Any CPU
		{31C6ED23-1218-4C5E-BEF1-BC068807EE1E}.Release|ARM.Build.0 = Release|Any CPU
		{31C6ED23-1218-4C5E-BEF1-BC068807EE1E}.Release|ARM.Deploy.0 = Release|Any CPU
		{31C6ED23-1218-4C5E-BEF1-BC068807EE1E}.Release|iPhone.ActiveCfg = Release|Any CPU
		{31C6ED23-1218-4C5E-BEF1-BC068807EE1E}.Release|iPhone.Build.0 = Release|Any CPU
		{31C6ED23-1218-4C5E-BEF1-BC068807EE1E}.Release|iPhone.Deploy.0 = Release|Any CPU
		{31C6ED23-1218-4C5E-BEF1-BC068807EE1E}.Release|iPhoneSimulator.ActiveCfg = Release|Any CPU
		{31C6ED23-1218-4C5E-BEF1-BC068807EE1E}.Release|iPhoneSimulator.Build.0 = Release|Any CPU
		{31C6ED23-1218-4C5E-BEF1-BC068807EE1E}.Release|iPhoneSimulator.Deploy.0 = Release|Any CPU
		{31C6ED23-1218-4C5E-BEF1-BC068807EE1E}.Release|x64.ActiveCfg = Release|Any CPU
		{31C6ED23-1218-4C5E-BEF1-BC068807EE1E}.Release|x64.Build.0 = Release|Any CPU
		{31C6ED23-1218-4C5E-BEF1-BC068807EE1E}.Release|x64.Deploy.0 = Release|Any CPU
		{31C6ED23-1218-4C5E-BEF1-BC068807EE1E}.Release|x86.ActiveCfg = Release|Any CPU
		{31C6ED23-1218-4C5E-BEF1-BC068807EE1E}.Release|x86.Build.0 = Release|Any CPU
		{31C6ED23-1218-4C5E-BEF1-BC068807EE1E}.Release|x86.Deploy.0 = Release|Any CPU
		{A3D99D08-D500-44DF-9C1A-4703329F0CA4}.Ad-Hoc|Any CPU.ActiveCfg = Ad-Hoc|iPhoneSimulator
		{A3D99D08-D500-44DF-9C1A-4703329F0CA4}.Ad-Hoc|ARM.ActiveCfg = Ad-Hoc|iPhoneSimulator
		{A3D99D08-D500-44DF-9C1A-4703329F0CA4}.Ad-Hoc|iPhone.ActiveCfg = Ad-Hoc|iPhone
		{A3D99D08-D500-44DF-9C1A-4703329F0CA4}.Ad-Hoc|iPhone.Build.0 = Ad-Hoc|iPhone
		{A3D99D08-D500-44DF-9C1A-4703329F0CA4}.Ad-Hoc|iPhoneSimulator.ActiveCfg = Ad-Hoc|iPhoneSimulator
		{A3D99D08-D500-44DF-9C1A-4703329F0CA4}.Ad-Hoc|iPhoneSimulator.Build.0 = Ad-Hoc|iPhoneSimulator
		{A3D99D08-D500-44DF-9C1A-4703329F0CA4}.Ad-Hoc|x64.ActiveCfg = Ad-Hoc|iPhoneSimulator
		{A3D99D08-D500-44DF-9C1A-4703329F0CA4}.Ad-Hoc|x86.ActiveCfg = Ad-Hoc|iPhoneSimulator
		{A3D99D08-D500-44DF-9C1A-4703329F0CA4}.AppStore|Any CPU.ActiveCfg = AppStore|iPhoneSimulator
		{A3D99D08-D500-44DF-9C1A-4703329F0CA4}.AppStore|ARM.ActiveCfg = AppStore|iPhoneSimulator
		{A3D99D08-D500-44DF-9C1A-4703329F0CA4}.AppStore|iPhone.ActiveCfg = AppStore|iPhone
		{A3D99D08-D500-44DF-9C1A-4703329F0CA4}.AppStore|iPhone.Build.0 = AppStore|iPhone
		{A3D99D08-D500-44DF-9C1A-4703329F0CA4}.AppStore|iPhoneSimulator.ActiveCfg = AppStore|iPhoneSimulator
		{A3D99D08-D500-44DF-9C1A-4703329F0CA4}.AppStore|iPhoneSimulator.Build.0 = AppStore|iPhoneSimulator
		{A3D99D08-D500-44DF-9C1A-4703329F0CA4}.AppStore|x64.ActiveCfg = AppStore|iPhoneSimulator
		{A3D99D08-D500-44DF-9C1A-4703329F0CA4}.AppStore|x86.ActiveCfg = AppStore|iPhoneSimulator
		{A3D99D08-D500-44DF-9C1A-4703329F0CA4}.Debug|Any CPU.ActiveCfg = Debug|iPhoneSimulator
		{A3D99D08-D500-44DF-9C1A-4703329F0CA4}.Debug|ARM.ActiveCfg = Debug|iPhoneSimulator
		{A3D99D08-D500-44DF-9C1A-4703329F0CA4}.Debug|iPhone.ActiveCfg = Debug|iPhone
		{A3D99D08-D500-44DF-9C1A-4703329F0CA4}.Debug|iPhone.Build.0 = Debug|iPhone
		{A3D99D08-D500-44DF-9C1A-4703329F0CA4}.Debug|iPhoneSimulator.ActiveCfg = Debug|iPhoneSimulator
		{A3D99D08-D500-44DF-9C1A-4703329F0CA4}.Debug|iPhoneSimulator.Build.0 = Debug|iPhoneSimulator
		{A3D99D08-D500-44DF-9C1A-4703329F0CA4}.Debug|x64.ActiveCfg = Debug|iPhoneSimulator
		{A3D99D08-D500-44DF-9C1A-4703329F0CA4}.Debug|x86.ActiveCfg = Debug|iPhoneSimulator
		{A3D99D08-D500-44DF-9C1A-4703329F0CA4}.Release|Any CPU.ActiveCfg = Release|iPhoneSimulator
		{A3D99D08-D500-44DF-9C1A-4703329F0CA4}.Release|ARM.ActiveCfg = Release|iPhoneSimulator
		{A3D99D08-D500-44DF-9C1A-4703329F0CA4}.Release|iPhone.ActiveCfg = Release|iPhone
		{A3D99D08-D500-44DF-9C1A-4703329F0CA4}.Release|iPhone.Build.0 = Release|iPhone
		{A3D99D08-D500-44DF-9C1A-4703329F0CA4}.Release|iPhoneSimulator.ActiveCfg = Release|iPhoneSimulator
		{A3D99D08-D500-44DF-9C1A-4703329F0CA4}.Release|iPhoneSimulator.Build.0 = Release|iPhoneSimulator
		{A3D99D08-D500-44DF-9C1A-4703329F0CA4}.Release|x64.ActiveCfg = Release|iPhoneSimulator
		{A3D99D08-D500-44DF-9C1A-4703329F0CA4}.Release|x86.ActiveCfg = Release|iPhoneSimulator
	EndGlobalSection
	GlobalSection(SolutionProperties) = preSolution
		HideSolutionNode = FALSE
	EndGlobalSection
	GlobalSection(ExtensibilityGlobals) = postSolution
		SolutionGuid = {EAB5719C-B2A8-4919-82B2-ADE469281C1B}
	EndGlobalSection
EndGlobal
