
Microsoft Visual Studio Solution File, Format Version 12.00
# Visual Studio Version 16
VisualStudioVersion = 16.0.31105.61
MinimumVisualStudioVersion = 10.0.40219.1
Project("{FAE04EC0-301F-11D3-BF4B-00C04F79EFBC}") = "bzOptions", "bzOptions\bzOptions.csproj", "{A3EAC953-4D2A-4049-84CD-B01AFE88628D}"
EndProject
Global
	GlobalSection(SolutionConfigurationPlatforms) = preSolution
		Debug|Any CPU = Debug|Any CPU
		Release|Any CPU = Release|Any CPU
	EndGlobalSection
	GlobalSection(ProjectConfigurationPlatforms) = postSolution
		{A3EAC953-4D2A-4049-84CD-B01AFE88628D}.Debug|Any CPU.ActiveCfg = Debug|Any CPU
		{A3EAC953-4D2A-4049-84CD-B01AFE88628D}.Debug|Any CPU.Build.0 = Debug|Any CPU
		{A3EAC953-4D2A-4049-84CD-B01AFE88628D}.Release|Any CPU.ActiveCfg = Release|Any CPU
		{A3EAC953-4D2A-4049-84CD-B01AFE88628D}.Release|Any CPU.Build.0 = Release|Any CPU
	EndGlobalSection
	GlobalSection(SolutionProperties) = preSolution
		HideSolutionNode = FALSE
	EndGlobalSection
	GlobalSection(ExtensibilityGlobals) = postSolution
		SolutionGuid = {BCC06683-2CAF-4145-8763-6B8E6845A72F}
	EndGlobalSection
EndGlobal
