
Microsoft Visual Studio Solution File, Format Version 12.00
# Visual Studio Version 16
VisualStudioVersion = 16.0.31402.337
MinimumVisualStudioVersion = 10.0.40219.1
Project("{FAE04EC0-301F-11D3-BF4B-00C04F79EFBC}") = "bzSetParametersAsyncOnParametersSet", "bzSetParametersAsyncOnParametersSet\bzSetParametersAsyncOnParametersSet.csproj", "{D002B80A-9A7D-45BC-8ACD-166ACCC1DB22}"
EndProject
Global
	GlobalSection(SolutionConfigurationPlatforms) = preSolution
		Debug|Any CPU = Debug|Any CPU
		Release|Any CPU = Release|Any CPU
	EndGlobalSection
	GlobalSection(ProjectConfigurationPlatforms) = postSolution
		{D002B80A-9A7D-45BC-8ACD-166ACCC1DB22}.Debug|Any CPU.ActiveCfg = Debug|Any CPU
		{D002B80A-9A7D-45BC-8ACD-166ACCC1DB22}.Debug|Any CPU.Build.0 = Debug|Any CPU
		{D002B80A-9A7D-45BC-8ACD-166ACCC1DB22}.Release|Any CPU.ActiveCfg = Release|Any CPU
		{D002B80A-9A7D-45BC-8ACD-166ACCC1DB22}.Release|Any CPU.Build.0 = Release|Any CPU
	EndGlobalSection
	GlobalSection(SolutionProperties) = preSolution
		HideSolutionNode = FALSE
	EndGlobalSection
	GlobalSection(ExtensibilityGlobals) = postSolution
		SolutionGuid = {B293C753-A679-463A-AB80-E5AC2FF05190}
	EndGlobalSection
EndGlobal
